
Microsoft Visual Studio Solution File, Format Version 11.00
# Visual Studio 2010
Project("{FAE04EC0-301F-11D3-BF4B-00C04F79EFBC}") = "COMP2614HomeLab08", "COMP2614HomeLab08\COMP2614HomeLab08.csproj", "{3AFC9ADA-D2F1-426E-89B6-AF2FF6F9E3C7}"
EndProject
Global
	GlobalSection(SolutionConfigurationPlatforms) = preSolution
		Debug|Any CPU = Debug|Any CPU
		Release|Any CPU = Release|Any CPU
	EndGlobalSection
	GlobalSection(ProjectConfigurationPlatforms) = postSolution
		{3AFC9ADA-D2F1-426E-89B6-AF2FF6F9E3C7}.Debug|Any CPU.ActiveCfg = Debug|Any CPU
		{3AFC9ADA-D2F1-426E-89B6-AF2FF6F9E3C7}.Debug|Any CPU.Build.0 = Debug|Any CPU
		{3AFC9ADA-D2F1-426E-89B6-AF2FF6F9E3C7}.Release|Any CPU.ActiveCfg = Release|Any CPU
		{3AFC9ADA-D2F1-426E-89B6-AF2FF6F9E3C7}.Release|Any CPU.Build.0 = Release|Any CPU
	EndGlobalSection
	GlobalSection(SolutionProperties) = preSolution
		HideSolutionNode = FALSE
	EndGlobalSection
EndGlobal
