
Microsoft Visual Studio Solution File, Format Version 11.00
# Visual Studio 2010
Project("{FAE04EC0-301F-11D3-BF4B-00C04F79EFBC}") = "PicBoxAndScroll", "PicBoxAndScroll.csproj", "{D63DFC33-7FE8-4C88-80C7-E9403BEC7764}"
EndProject
Global
	GlobalSection(SolutionConfigurationPlatforms) = preSolution
		Debug|Any CPU = Debug|Any CPU
		Release|Any CPU = Release|Any CPU
	EndGlobalSection
	GlobalSection(ProjectConfigurationPlatforms) = postSolution
		{D63DFC33-7FE8-4C88-80C7-E9403BEC7764}.Debug|Any CPU.ActiveCfg = Debug|Any CPU
		{D63DFC33-7FE8-4C88-80C7-E9403BEC7764}.Debug|Any CPU.Build.0 = Debug|Any CPU
		{D63DFC33-7FE8-4C88-80C7-E9403BEC7764}.Release|Any CPU.ActiveCfg = Release|Any CPU
		{D63DFC33-7FE8-4C88-80C7-E9403BEC7764}.Release|Any CPU.Build.0 = Release|Any CPU
	EndGlobalSection
	GlobalSection(SolutionProperties) = preSolution
		HideSolutionNode = FALSE
	EndGlobalSection
EndGlobal
