
Microsoft Visual Studio Solution File, Format Version 11.00
# Visual Studio 2010
Project("{FAE04EC0-301F-11D3-BF4B-00C04F79EFBC}") = "SimpleDialogExample", "SimpleDialogExample\SimpleDialogExample.csproj", "{AC58C222-352E-4224-B6EA-2D53EC0F67CE}"
EndProject
Global
	GlobalSection(SolutionConfigurationPlatforms) = preSolution
		Debug|Any CPU = Debug|Any CPU
		Release|Any CPU = Release|Any CPU
	EndGlobalSection
	GlobalSection(ProjectConfigurationPlatforms) = postSolution
		{AC58C222-352E-4224-B6EA-2D53EC0F67CE}.Debug|Any CPU.ActiveCfg = Debug|Any CPU
		{AC58C222-352E-4224-B6EA-2D53EC0F67CE}.Debug|Any CPU.Build.0 = Debug|Any CPU
		{AC58C222-352E-4224-B6EA-2D53EC0F67CE}.Release|Any CPU.ActiveCfg = Release|Any CPU
		{AC58C222-352E-4224-B6EA-2D53EC0F67CE}.Release|Any CPU.Build.0 = Release|Any CPU
	EndGlobalSection
	GlobalSection(SolutionProperties) = preSolution
		HideSolutionNode = FALSE
	EndGlobalSection
EndGlobal
